// !$*UTF8*$!
{
	archiveVersion = 1;
	classes = {
	};
	objectVersion = 46;
	objects = {

/* Begin PBXBuildFile section */
		8B69D0F01BA2158A0073FB52 /* AppDelegate.swift in Sources */ = {isa = PBXBuildFile; fileRef = 8B69D0EF1BA2158A0073FB52 /* AppDelegate.swift */; };
		8B69D0F31BA2158A0073FB52 /* hackathon2015_ios.xcdatamodeld in Sources */ = {isa = PBXBuildFile; fileRef = 8B69D0F11BA2158A0073FB52 /* hackathon2015_ios.xcdatamodeld */; };
		8B69D0F51BA2158A0073FB52 /* ViewController.swift in Sources */ = {isa = PBXBuildFile; fileRef = 8B69D0F41BA2158A0073FB52 /* ViewController.swift */; };
		8B69D0F81BA2158A0073FB52 /* Main.storyboard in Resources */ = {isa = PBXBuildFile; fileRef = 8B69D0F61BA2158A0073FB52 /* Main.storyboard */; };
		8B69D0FA1BA2158A0073FB52 /* Images.xcassets in Resources */ = {isa = PBXBuildFile; fileRef = 8B69D0F91BA2158A0073FB52 /* Images.xcassets */; };
		8B69D0FD1BA2158A0073FB52 /* LaunchScreen.xib in Resources */ = {isa = PBXBuildFile; fileRef = 8B69D0FB1BA2158A0073FB52 /* LaunchScreen.xib */; };
		8B69D1091BA2158B0073FB52 /* hackathon2015_iosTests.swift in Sources */ = {isa = PBXBuildFile; fileRef = 8B69D1081BA2158B0073FB52 /* hackathon2015_iosTests.swift */; };
		8B69D11C1BA2D38E0073FB52 /* InterfaceController.swift in Sources */ = {isa = PBXBuildFile; fileRef = 8B69D11B1BA2D38E0073FB52 /* InterfaceController.swift */; };
		8B69D11E1BA2D38E0073FB52 /* NotificationController.swift in Sources */ = {isa = PBXBuildFile; fileRef = 8B69D11D1BA2D38E0073FB52 /* NotificationController.swift */; };
		8B69D1201BA2D38E0073FB52 /* Images.xcassets in Resources */ = {isa = PBXBuildFile; fileRef = 8B69D11F1BA2D38E0073FB52 /* Images.xcassets */; };
		8B69D1241BA2D38E0073FB52 /* hackathon2015-ios WatchKit App.app in Resources */ = {isa = PBXBuildFile; fileRef = 8B69D1231BA2D38E0073FB52 /* hackathon2015-ios WatchKit App.app */; };
		8B69D12C1BA2D38E0073FB52 /* Interface.storyboard in Resources */ = {isa = PBXBuildFile; fileRef = 8B69D12A1BA2D38E0073FB52 /* Interface.storyboard */; };
		8B69D12E1BA2D38E0073FB52 /* Images.xcassets in Resources */ = {isa = PBXBuildFile; fileRef = 8B69D12D1BA2D38E0073FB52 /* Images.xcassets */; };
		8B69D1311BA2D38E0073FB52 /* hackathon2015-ios WatchKit Extension.appex in Embed App Extensions */ = {isa = PBXBuildFile; fileRef = 8B69D1161BA2D38D0073FB52 /* hackathon2015-ios WatchKit Extension.appex */; settings = {ATTRIBUTES = (RemoveHeadersOnCopy, ); }; };
		8B69D1391BA2DA490073FB52 /* Images.xcassets in Resources */ = {isa = PBXBuildFile; fileRef = 8B69D12D1BA2D38E0073FB52 /* Images.xcassets */; };
		8B7663DB1BA4ABDF0042CD0E /* AppDelegate2.swift in Sources */ = {isa = PBXBuildFile; fileRef = 8B7663DA1BA4ABDF0042CD0E /* AppDelegate2.swift */; };
		8B7663DD1BA4E0DD0042CD0E /* AddEntryController.swift in Sources */ = {isa = PBXBuildFile; fileRef = 8B7663DC1BA4E0DD0042CD0E /* AddEntryController.swift */; };
		8B8554D31BA574D50093F6CB /* EntryViewController.swift in Sources */ = {isa = PBXBuildFile; fileRef = 8B8554D21BA574D50093F6CB /* EntryViewController.swift */; };
		8B8554D61BA5AEC50093F6CB /* MapKit.framework in Frameworks */ = {isa = PBXBuildFile; fileRef = 8B8554D51BA5AEC50093F6CB /* MapKit.framework */; };
		8BBFCA211BA424430025A9C1 /* CustomCell.swift in Sources */ = {isa = PBXBuildFile; fileRef = 8BBFCA201BA424430025A9C1 /* CustomCell.swift */; };
		8BBFCA241BA442EC0025A9C1 /* DataManager.swift in Sources */ = {isa = PBXBuildFile; fileRef = 8BBFCA231BA442EC0025A9C1 /* DataManager.swift */; };
		8BBFCA311BA44DA40025A9C1 /* Poi.swift in Sources */ = {isa = PBXBuildFile; fileRef = 8BBFCA301BA44DA40025A9C1 /* Poi.swift */; };
		8BBFCA331BA45BA40025A9C1 /* MapViewController.swift in Sources */ = {isa = PBXBuildFile; fileRef = 8BBFCA321BA45BA40025A9C1 /* MapViewController.swift */; };
		8BBFCA3D1BA466280025A9C1 /* ServerManager.swift in Sources */ = {isa = PBXBuildFile; fileRef = 8BBFCA3C1BA466280025A9C1 /* ServerManager.swift */; };
		8BBFCA3F1BA467710025A9C1 /* ConnectionResult.swift in Sources */ = {isa = PBXBuildFile; fileRef = 8BBFCA3E1BA467710025A9C1 /* ConnectionResult.swift */; };
		8BBFCA411BA467CB0025A9C1 /* ObjectType.swift in Sources */ = {isa = PBXBuildFile; fileRef = 8BBFCA401BA467CB0025A9C1 /* ObjectType.swift */; };
		8BBFCA431BA468940025A9C1 /* ServerManagerDelegate.swift in Sources */ = {isa = PBXBuildFile; fileRef = 8BBFCA421BA468940025A9C1 /* ServerManagerDelegate.swift */; };
		8BBFCA451BA4A3FC0025A9C1 /* DataManagerDelegate.swift in Sources */ = {isa = PBXBuildFile; fileRef = 8BBFCA441BA4A3FC0025A9C1 /* DataManagerDelegate.swift */; };
/* End PBXBuildFile section */

/* Begin PBXContainerItemProxy section */
		8B69D1031BA2158B0073FB52 /* PBXContainerItemProxy */ = {
			isa = PBXContainerItemProxy;
			containerPortal = 8B69D0E21BA2158A0073FB52 /* Project object */;
			proxyType = 1;
			remoteGlobalIDString = 8B69D0E91BA2158A0073FB52;
			remoteInfo = "hackathon2015-ios";
		};
		8B69D1251BA2D38E0073FB52 /* PBXContainerItemProxy */ = {
			isa = PBXContainerItemProxy;
			containerPortal = 8B69D0E21BA2158A0073FB52 /* Project object */;
			proxyType = 1;
			remoteGlobalIDString = 8B69D1221BA2D38E0073FB52;
			remoteInfo = "hackathon2015-ios WatchKit App";
		};
		8B69D12F1BA2D38E0073FB52 /* PBXContainerItemProxy */ = {
			isa = PBXContainerItemProxy;
			containerPortal = 8B69D0E21BA2158A0073FB52 /* Project object */;
			proxyType = 1;
			remoteGlobalIDString = 8B69D1151BA2D38D0073FB52;
			remoteInfo = "hackathon2015-ios WatchKit Extension";
		};
/* End PBXContainerItemProxy section */

/* Begin PBXCopyFilesBuildPhase section */
		8B69D1381BA2D38E0073FB52 /* Embed App Extensions */ = {
			isa = PBXCopyFilesBuildPhase;
			buildActionMask = 2147483647;
			dstPath = "";
			dstSubfolderSpec = 13;
			files = (
				8B69D1311BA2D38E0073FB52 /* hackathon2015-ios WatchKit Extension.appex in Embed App Extensions */,
			);
			name = "Embed App Extensions";
			runOnlyForDeploymentPostprocessing = 0;
		};
/* End PBXCopyFilesBuildPhase section */

/* Begin PBXFileReference section */
		8B69D0EA1BA2158A0073FB52 /* hackathon2015-ios.app */ = {isa = PBXFileReference; explicitFileType = wrapper.application; includeInIndex = 0; path = "hackathon2015-ios.app"; sourceTree = BUILT_PRODUCTS_DIR; };
		8B69D0EE1BA2158A0073FB52 /* Info.plist */ = {isa = PBXFileReference; lastKnownFileType = text.plist.xml; path = Info.plist; sourceTree = "<group>"; };
		8B69D0EF1BA2158A0073FB52 /* AppDelegate.swift */ = {isa = PBXFileReference; lastKnownFileType = sourcecode.swift; path = AppDelegate.swift; sourceTree = "<group>"; };
		8B69D0F21BA2158A0073FB52 /* hackathon2015_ios.xcdatamodel */ = {isa = PBXFileReference; lastKnownFileType = wrapper.xcdatamodel; path = hackathon2015_ios.xcdatamodel; sourceTree = "<group>"; };
		8B69D0F41BA2158A0073FB52 /* ViewController.swift */ = {isa = PBXFileReference; lastKnownFileType = sourcecode.swift; path = ViewController.swift; sourceTree = "<group>"; };
		8B69D0F71BA2158A0073FB52 /* Base */ = {isa = PBXFileReference; lastKnownFileType = file.storyboard; name = Base; path = Base.lproj/Main.storyboard; sourceTree = "<group>"; };
		8B69D0F91BA2158A0073FB52 /* Images.xcassets */ = {isa = PBXFileReference; lastKnownFileType = folder.assetcatalog; path = Images.xcassets; sourceTree = "<group>"; };
		8B69D0FC1BA2158A0073FB52 /* Base */ = {isa = PBXFileReference; lastKnownFileType = file.xib; name = Base; path = Base.lproj/LaunchScreen.xib; sourceTree = "<group>"; };
		8B69D1021BA2158B0073FB52 /* hackathon2015-iosTests.xctest */ = {isa = PBXFileReference; explicitFileType = wrapper.cfbundle; includeInIndex = 0; path = "hackathon2015-iosTests.xctest"; sourceTree = BUILT_PRODUCTS_DIR; };
		8B69D1071BA2158B0073FB52 /* Info.plist */ = {isa = PBXFileReference; lastKnownFileType = text.plist.xml; path = Info.plist; sourceTree = "<group>"; };
		8B69D1081BA2158B0073FB52 /* hackathon2015_iosTests.swift */ = {isa = PBXFileReference; lastKnownFileType = sourcecode.swift; path = hackathon2015_iosTests.swift; sourceTree = "<group>"; };
		8B69D1161BA2D38D0073FB52 /* hackathon2015-ios WatchKit Extension.appex */ = {isa = PBXFileReference; explicitFileType = "wrapper.app-extension"; includeInIndex = 0; path = "hackathon2015-ios WatchKit Extension.appex"; sourceTree = BUILT_PRODUCTS_DIR; };
		8B69D1191BA2D38E0073FB52 /* Info.plist */ = {isa = PBXFileReference; lastKnownFileType = text.plist.xml; path = Info.plist; sourceTree = "<group>"; };
		8B69D11A1BA2D38E0073FB52 /* PushNotificationPayload.apns */ = {isa = PBXFileReference; lastKnownFileType = text; path = PushNotificationPayload.apns; sourceTree = "<group>"; };
		8B69D11B1BA2D38E0073FB52 /* InterfaceController.swift */ = {isa = PBXFileReference; lastKnownFileType = sourcecode.swift; path = InterfaceController.swift; sourceTree = "<group>"; };
		8B69D11D1BA2D38E0073FB52 /* NotificationController.swift */ = {isa = PBXFileReference; lastKnownFileType = sourcecode.swift; path = NotificationController.swift; sourceTree = "<group>"; };
		8B69D11F1BA2D38E0073FB52 /* Images.xcassets */ = {isa = PBXFileReference; lastKnownFileType = folder.assetcatalog; path = Images.xcassets; sourceTree = "<group>"; };
		8B69D1231BA2D38E0073FB52 /* hackathon2015-ios WatchKit App.app */ = {isa = PBXFileReference; explicitFileType = wrapper.application; includeInIndex = 0; path = "hackathon2015-ios WatchKit App.app"; sourceTree = BUILT_PRODUCTS_DIR; };
		8B69D1291BA2D38E0073FB52 /* Info.plist */ = {isa = PBXFileReference; lastKnownFileType = text.plist.xml; path = Info.plist; sourceTree = "<group>"; };
		8B69D12B1BA2D38E0073FB52 /* Base */ = {isa = PBXFileReference; lastKnownFileType = file.storyboard; name = Base; path = Base.lproj/Interface.storyboard; sourceTree = "<group>"; };
		8B69D12D1BA2D38E0073FB52 /* Images.xcassets */ = {isa = PBXFileReference; lastKnownFileType = folder.assetcatalog; path = Images.xcassets; sourceTree = "<group>"; };
		8B7663DA1BA4ABDF0042CD0E /* AppDelegate2.swift */ = {isa = PBXFileReference; fileEncoding = 4; lastKnownFileType = sourcecode.swift; path = AppDelegate2.swift; sourceTree = "<group>"; };
		8B7663DC1BA4E0DD0042CD0E /* AddEntryController.swift */ = {isa = PBXFileReference; fileEncoding = 4; lastKnownFileType = sourcecode.swift; path = AddEntryController.swift; sourceTree = "<group>"; };
		8B8554D21BA574D50093F6CB /* EntryViewController.swift */ = {isa = PBXFileReference; fileEncoding = 4; lastKnownFileType = sourcecode.swift; path = EntryViewController.swift; sourceTree = "<group>"; };
		8B8554D51BA5AEC50093F6CB /* MapKit.framework */ = {isa = PBXFileReference; lastKnownFileType = wrapper.framework; name = MapKit.framework; path = System/Library/Frameworks/MapKit.framework; sourceTree = SDKROOT; };
		8BBFCA201BA424430025A9C1 /* CustomCell.swift */ = {isa = PBXFileReference; fileEncoding = 4; lastKnownFileType = sourcecode.swift; path = CustomCell.swift; sourceTree = "<group>"; };
		8BBFCA231BA442EC0025A9C1 /* DataManager.swift */ = {isa = PBXFileReference; fileEncoding = 4; lastKnownFileType = sourcecode.swift; path = DataManager.swift; sourceTree = "<group>"; };
		8BBFCA301BA44DA40025A9C1 /* Poi.swift */ = {isa = PBXFileReference; fileEncoding = 4; lastKnownFileType = sourcecode.swift; path = Poi.swift; sourceTree = "<group>"; };
		8BBFCA321BA45BA40025A9C1 /* MapViewController.swift */ = {isa = PBXFileReference; fileEncoding = 4; lastKnownFileType = sourcecode.swift; path = MapViewController.swift; sourceTree = "<group>"; };
		8BBFCA3C1BA466280025A9C1 /* ServerManager.swift */ = {isa = PBXFileReference; fileEncoding = 4; lastKnownFileType = sourcecode.swift; path = ServerManager.swift; sourceTree = "<group>"; };
		8BBFCA3E1BA467710025A9C1 /* ConnectionResult.swift */ = {isa = PBXFileReference; fileEncoding = 4; lastKnownFileType = sourcecode.swift; path = ConnectionResult.swift; sourceTree = "<group>"; };
		8BBFCA401BA467CB0025A9C1 /* ObjectType.swift */ = {isa = PBXFileReference; fileEncoding = 4; lastKnownFileType = sourcecode.swift; path = ObjectType.swift; sourceTree = "<group>"; };
		8BBFCA421BA468940025A9C1 /* ServerManagerDelegate.swift */ = {isa = PBXFileReference; fileEncoding = 4; lastKnownFileType = sourcecode.swift; path = ServerManagerDelegate.swift; sourceTree = "<group>"; };
		8BBFCA441BA4A3FC0025A9C1 /* DataManagerDelegate.swift */ = {isa = PBXFileReference; fileEncoding = 4; lastKnownFileType = sourcecode.swift; path = DataManagerDelegate.swift; sourceTree = "<group>"; };
/* End PBXFileReference section */

/* Begin PBXFrameworksBuildPhase section */
		8B69D0E71BA2158A0073FB52 /* Frameworks */ = {
			isa = PBXFrameworksBuildPhase;
			buildActionMask = 2147483647;
			files = (
			);
			runOnlyForDeploymentPostprocessing = 0;
		};
		8B69D0FF1BA2158B0073FB52 /* Frameworks */ = {
			isa = PBXFrameworksBuildPhase;
			buildActionMask = 2147483647;
			files = (
			);
			runOnlyForDeploymentPostprocessing = 0;
		};
		8B69D1131BA2D38D0073FB52 /* Frameworks */ = {
			isa = PBXFrameworksBuildPhase;
			buildActionMask = 2147483647;
			files = (
				8B8554D61BA5AEC50093F6CB /* MapKit.framework in Frameworks */,
			);
			runOnlyForDeploymentPostprocessing = 0;
		};
/* End PBXFrameworksBuildPhase section */

/* Begin PBXGroup section */
		8B69D0E11BA2158A0073FB52 = {
			isa = PBXGroup;
			children = (
				8B8554D51BA5AEC50093F6CB /* MapKit.framework */,
				8BBFCA221BA442DB0025A9C1 /* data */,
				8B69D0EC1BA2158A0073FB52 /* hackathon2015-ios */,
				8B69D1051BA2158B0073FB52 /* hackathon2015-iosTests */,
				8B69D1171BA2D38E0073FB52 /* hackathon2015-ios WatchKit Extension */,
				8B69D1271BA2D38E0073FB52 /* hackathon2015-ios WatchKit App */,
				8B69D0EB1BA2158A0073FB52 /* Products */,
			);
			sourceTree = "<group>";
		};
		8B69D0EB1BA2158A0073FB52 /* Products */ = {
			isa = PBXGroup;
			children = (
				8B69D0EA1BA2158A0073FB52 /* hackathon2015-ios.app */,
				8B69D1021BA2158B0073FB52 /* hackathon2015-iosTests.xctest */,
				8B69D1161BA2D38D0073FB52 /* hackathon2015-ios WatchKit Extension.appex */,
				8B69D1231BA2D38E0073FB52 /* hackathon2015-ios WatchKit App.app */,
			);
			name = Products;
			sourceTree = "<group>";
		};
		8B69D0EC1BA2158A0073FB52 /* hackathon2015-ios */ = {
			isa = PBXGroup;
			children = (
				8BBFCA1F1BA424210025A9C1 /* Cell */,
				8B69D0EF1BA2158A0073FB52 /* AppDelegate.swift */,
				8BBFCA321BA45BA40025A9C1 /* MapViewController.swift */,
				8B69D0F41BA2158A0073FB52 /* ViewController.swift */,
				8B8554D21BA574D50093F6CB /* EntryViewController.swift */,
				8B7663DC1BA4E0DD0042CD0E /* AddEntryController.swift */,
				8B69D0F61BA2158A0073FB52 /* Main.storyboard */,
				8B69D0F91BA2158A0073FB52 /* Images.xcassets */,
				8B69D0FB1BA2158A0073FB52 /* LaunchScreen.xib */,
				8B69D0F11BA2158A0073FB52 /* hackathon2015_ios.xcdatamodeld */,
				8B69D0ED1BA2158A0073FB52 /* Supporting Files */,
			);
			path = "hackathon2015-ios";
			sourceTree = "<group>";
		};
		8B69D0ED1BA2158A0073FB52 /* Supporting Files */ = {
			isa = PBXGroup;
			children = (
				8B69D0EE1BA2158A0073FB52 /* Info.plist */,
			);
			name = "Supporting Files";
			sourceTree = "<group>";
		};
		8B69D1051BA2158B0073FB52 /* hackathon2015-iosTests */ = {
			isa = PBXGroup;
			children = (
				8B69D1081BA2158B0073FB52 /* hackathon2015_iosTests.swift */,
				8B69D1061BA2158B0073FB52 /* Supporting Files */,
			);
			path = "hackathon2015-iosTests";
			sourceTree = "<group>";
		};
		8B69D1061BA2158B0073FB52 /* Supporting Files */ = {
			isa = PBXGroup;
			children = (
				8B69D1071BA2158B0073FB52 /* Info.plist */,
			);
			name = "Supporting Files";
			sourceTree = "<group>";
		};
		8B69D1171BA2D38E0073FB52 /* hackathon2015-ios WatchKit Extension */ = {
			isa = PBXGroup;
			children = (
				8B69D11B1BA2D38E0073FB52 /* InterfaceController.swift */,
				8B69D11D1BA2D38E0073FB52 /* NotificationController.swift */,
				8B69D11F1BA2D38E0073FB52 /* Images.xcassets */,
				8B69D1181BA2D38E0073FB52 /* Supporting Files */,
			);
			path = "hackathon2015-ios WatchKit Extension";
			sourceTree = "<group>";
		};
		8B69D1181BA2D38E0073FB52 /* Supporting Files */ = {
			isa = PBXGroup;
			children = (
				8B69D1191BA2D38E0073FB52 /* Info.plist */,
				8B69D11A1BA2D38E0073FB52 /* PushNotificationPayload.apns */,
			);
			name = "Supporting Files";
			sourceTree = "<group>";
		};
		8B69D1271BA2D38E0073FB52 /* hackathon2015-ios WatchKit App */ = {
			isa = PBXGroup;
			children = (
				8B69D12A1BA2D38E0073FB52 /* Interface.storyboard */,
				8B69D12D1BA2D38E0073FB52 /* Images.xcassets */,
				8B69D1281BA2D38E0073FB52 /* Supporting Files */,
			);
			path = "hackathon2015-ios WatchKit App";
			sourceTree = "<group>";
		};
		8B69D1281BA2D38E0073FB52 /* Supporting Files */ = {
			isa = PBXGroup;
			children = (
				8B69D1291BA2D38E0073FB52 /* Info.plist */,
			);
			name = "Supporting Files";
			sourceTree = "<group>";
		};
		8BBFCA1F1BA424210025A9C1 /* Cell */ = {
			isa = PBXGroup;
			children = (
				8BBFCA201BA424430025A9C1 /* CustomCell.swift */,
			);
			name = Cell;
			sourceTree = "<group>";
		};
		8BBFCA221BA442DB0025A9C1 /* data */ = {
			isa = PBXGroup;
			children = (
				8BBFCA231BA442EC0025A9C1 /* DataManager.swift */,
				8BBFCA301BA44DA40025A9C1 /* Poi.swift */,
				8BBFCA3C1BA466280025A9C1 /* ServerManager.swift */,
				8BBFCA3E1BA467710025A9C1 /* ConnectionResult.swift */,
				8BBFCA401BA467CB0025A9C1 /* ObjectType.swift */,
				8BBFCA421BA468940025A9C1 /* ServerManagerDelegate.swift */,
				8BBFCA441BA4A3FC0025A9C1 /* DataManagerDelegate.swift */,
				8B7663DA1BA4ABDF0042CD0E /* AppDelegate2.swift */,
			);
			name = data;
			sourceTree = "<group>";
		};
/* End PBXGroup section */

/* Begin PBXNativeTarget section */
		8B69D0E91BA2158A0073FB52 /* hackathon2015-ios */ = {
			isa = PBXNativeTarget;
			buildConfigurationList = 8B69D10C1BA2158B0073FB52 /* Build configuration list for PBXNativeTarget "hackathon2015-ios" */;
			buildPhases = (
				8B69D0E61BA2158A0073FB52 /* Sources */,
				8B69D0E71BA2158A0073FB52 /* Frameworks */,
				8B69D0E81BA2158A0073FB52 /* Resources */,
				8B69D1381BA2D38E0073FB52 /* Embed App Extensions */,
			);
			buildRules = (
			);
			dependencies = (
				8B69D1301BA2D38E0073FB52 /* PBXTargetDependency */,
			);
			name = "hackathon2015-ios";
			productName = "hackathon2015-ios";
			productReference = 8B69D0EA1BA2158A0073FB52 /* hackathon2015-ios.app */;
			productType = "com.apple.product-type.application";
		};
		8B69D1011BA2158B0073FB52 /* hackathon2015-iosTests */ = {
			isa = PBXNativeTarget;
			buildConfigurationList = 8B69D10F1BA2158B0073FB52 /* Build configuration list for PBXNativeTarget "hackathon2015-iosTests" */;
			buildPhases = (
				8B69D0FE1BA2158B0073FB52 /* Sources */,
				8B69D0FF1BA2158B0073FB52 /* Frameworks */,
				8B69D1001BA2158B0073FB52 /* Resources */,
			);
			buildRules = (
			);
			dependencies = (
				8B69D1041BA2158B0073FB52 /* PBXTargetDependency */,
			);
			name = "hackathon2015-iosTests";
			productName = "hackathon2015-iosTests";
			productReference = 8B69D1021BA2158B0073FB52 /* hackathon2015-iosTests.xctest */;
			productType = "com.apple.product-type.bundle.unit-test";
		};
		8B69D1151BA2D38D0073FB52 /* hackathon2015-ios WatchKit Extension */ = {
			isa = PBXNativeTarget;
			buildConfigurationList = 8B69D1351BA2D38E0073FB52 /* Build configuration list for PBXNativeTarget "hackathon2015-ios WatchKit Extension" */;
			buildPhases = (
				8B69D1121BA2D38D0073FB52 /* Sources */,
				8B69D1131BA2D38D0073FB52 /* Frameworks */,
				8B69D1141BA2D38D0073FB52 /* Resources */,
			);
			buildRules = (
			);
			dependencies = (
				8B69D1261BA2D38E0073FB52 /* PBXTargetDependency */,
			);
			name = "hackathon2015-ios WatchKit Extension";
			productName = "hackathon2015-ios WatchKit Extension";
			productReference = 8B69D1161BA2D38D0073FB52 /* hackathon2015-ios WatchKit Extension.appex */;
			productType = "com.apple.product-type.watchkit-extension";
		};
		8B69D1221BA2D38E0073FB52 /* hackathon2015-ios WatchKit App */ = {
			isa = PBXNativeTarget;
			buildConfigurationList = 8B69D1321BA2D38E0073FB52 /* Build configuration list for PBXNativeTarget "hackathon2015-ios WatchKit App" */;
			buildPhases = (
				8B69D1211BA2D38E0073FB52 /* Resources */,
			);
			buildRules = (
			);
			dependencies = (
			);
			name = "hackathon2015-ios WatchKit App";
			productName = "hackathon2015-ios WatchKit App";
			productReference = 8B69D1231BA2D38E0073FB52 /* hackathon2015-ios WatchKit App.app */;
			productType = "com.apple.product-type.application.watchapp";
		};
/* End PBXNativeTarget section */

/* Begin PBXProject section */
		8B69D0E21BA2158A0073FB52 /* Project object */ = {
			isa = PBXProject;
			attributes = {
				LastUpgradeCheck = 0640;
				ORGANIZATIONNAME = itcc;
				TargetAttributes = {
					8B69D0E91BA2158A0073FB52 = {
						CreatedOnToolsVersion = 6.4;
						DevelopmentTeam = JKSKE56N5U;
						SystemCapabilities = {
							com.apple.GameCenter = {
								enabled = 0;
							};
							com.apple.InAppPurchase = {
								enabled = 0;
							};
						};
					};
					8B69D1011BA2158B0073FB52 = {
						CreatedOnToolsVersion = 6.4;
						DevelopmentTeam = JKSKE56N5U;
						TestTargetID = 8B69D0E91BA2158A0073FB52;
					};
					8B69D1151BA2D38D0073FB52 = {
						CreatedOnToolsVersion = 6.4;
						DevelopmentTeam = JKSKE56N5U;
						SystemCapabilities = {
							com.apple.GameCenter = {
								enabled = 0;
							};
							com.apple.Maps.iOS = {
								enabled = 1;
							};
							com.apple.OMC = {
								enabled = 0;
							};
						};
					};
					8B69D1221BA2D38E0073FB52 = {
						CreatedOnToolsVersion = 6.4;
						DevelopmentTeam = JKSKE56N5U;
					};
				};
			};
			buildConfigurationList = 8B69D0E51BA2158A0073FB52 /* Build configuration list for PBXProject "hackathon2015-ios" */;
			compatibilityVersion = "Xcode 3.2";
			developmentRegion = English;
			hasScannedForEncodings = 0;
			knownRegions = (
				en,
				Base,
			);
			mainGroup = 8B69D0E11BA2158A0073FB52;
			productRefGroup = 8B69D0EB1BA2158A0073FB52 /* Products */;
			projectDirPath = "";
			projectRoot = "";
			targets = (
				8B69D0E91BA2158A0073FB52 /* hackathon2015-ios */,
				8B69D1011BA2158B0073FB52 /* hackathon2015-iosTests */,
				8B69D1151BA2D38D0073FB52 /* hackathon2015-ios WatchKit Extension */,
				8B69D1221BA2D38E0073FB52 /* hackathon2015-ios WatchKit App */,
			);
		};
/* End PBXProject section */

/* Begin PBXResourcesBuildPhase section */
		8B69D0E81BA2158A0073FB52 /* Resources */ = {
			isa = PBXResourcesBuildPhase;
			buildActionMask = 2147483647;
			files = (
				8B69D0F81BA2158A0073FB52 /* Main.storyboard in Resources */,
				8B69D0FD1BA2158A0073FB52 /* LaunchScreen.xib in Resources */,
				8B69D0FA1BA2158A0073FB52 /* Images.xcassets in Resources */,
			);
			runOnlyForDeploymentPostprocessing = 0;
		};
		8B69D1001BA2158B0073FB52 /* Resources */ = {
			isa = PBXResourcesBuildPhase;
			buildActionMask = 2147483647;
			files = (
			);
			runOnlyForDeploymentPostprocessing = 0;
		};
		8B69D1141BA2D38D0073FB52 /* Resources */ = {
			isa = PBXResourcesBuildPhase;
			buildActionMask = 2147483647;
			files = (
				8B69D1391BA2DA490073FB52 /* Images.xcassets in Resources */,
				8B69D1241BA2D38E0073FB52 /* hackathon2015-ios WatchKit App.app in Resources */,
				8B69D1201BA2D38E0073FB52 /* Images.xcassets in Resources */,
			);
			runOnlyForDeploymentPostprocessing = 0;
		};
		8B69D1211BA2D38E0073FB52 /* Resources */ = {
			isa = PBXResourcesBuildPhase;
			buildActionMask = 2147483647;
			files = (
				8B69D12C1BA2D38E0073FB52 /* Interface.storyboard in Resources */,
				8B69D12E1BA2D38E0073FB52 /* Images.xcassets in Resources */,
			);
			runOnlyForDeploymentPostprocessing = 0;
		};
/* End PBXResourcesBuildPhase section */

/* Begin PBXSourcesBuildPhase section */
		8B69D0E61BA2158A0073FB52 /* Sources */ = {
			isa = PBXSourcesBuildPhase;
			buildActionMask = 2147483647;
			files = (
				8BBFCA411BA467CB0025A9C1 /* ObjectType.swift in Sources */,
				8BBFCA431BA468940025A9C1 /* ServerManagerDelegate.swift in Sources */,
				8B7663DB1BA4ABDF0042CD0E /* AppDelegate2.swift in Sources */,
				8BBFCA3D1BA466280025A9C1 /* ServerManager.swift in Sources */,
				8BBFCA311BA44DA40025A9C1 /* Poi.swift in Sources */,
				8BBFCA3F1BA467710025A9C1 /* ConnectionResult.swift in Sources */,
				8B69D0F51BA2158A0073FB52 /* ViewController.swift in Sources */,
				8BBFCA241BA442EC0025A9C1 /* DataManager.swift in Sources */,
				8B69D0F01BA2158A0073FB52 /* AppDelegate.swift in Sources */,
				8BBFCA451BA4A3FC0025A9C1 /* DataManagerDelegate.swift in Sources */,
				8B7663DD1BA4E0DD0042CD0E /* AddEntryController.swift in Sources */,
				8B8554D31BA574D50093F6CB /* EntryViewController.swift in Sources */,
				8BBFCA211BA424430025A9C1 /* CustomCell.swift in Sources */,
				8B69D0F31BA2158A0073FB52 /* hackathon2015_ios.xcdatamodeld in Sources */,
				8BBFCA331BA45BA40025A9C1 /* MapViewController.swift in Sources */,
			);
			runOnlyForDeploymentPostprocessing = 0;
		};
		8B69D0FE1BA2158B0073FB52 /* Sources */ = {
			isa = PBXSourcesBuildPhase;
			buildActionMask = 2147483647;
			files = (
				8B69D1091BA2158B0073FB52 /* hackathon2015_iosTests.swift in Sources */,
			);
			runOnlyForDeploymentPostprocessing = 0;
		};
		8B69D1121BA2D38D0073FB52 /* Sources */ = {
			isa = PBXSourcesBuildPhase;
			buildActionMask = 2147483647;
			files = (
				8B69D11E1BA2D38E0073FB52 /* NotificationController.swift in Sources */,
				8B69D11C1BA2D38E0073FB52 /* InterfaceController.swift in Sources */,
			);
			runOnlyForDeploymentPostprocessing = 0;
		};
/* End PBXSourcesBuildPhase section */

/* Begin PBXTargetDependency section */
		8B69D1041BA2158B0073FB52 /* PBXTargetDependency */ = {
			isa = PBXTargetDependency;
			target = 8B69D0E91BA2158A0073FB52 /* hackathon2015-ios */;
			targetProxy = 8B69D1031BA2158B0073FB52 /* PBXContainerItemProxy */;
		};
		8B69D1261BA2D38E0073FB52 /* PBXTargetDependency */ = {
			isa = PBXTargetDependency;
			target = 8B69D1221BA2D38E0073FB52 /* hackathon2015-ios WatchKit App */;
			targetProxy = 8B69D1251BA2D38E0073FB52 /* PBXContainerItemProxy */;
		};
		8B69D1301BA2D38E0073FB52 /* PBXTargetDependency */ = {
			isa = PBXTargetDependency;
			target = 8B69D1151BA2D38D0073FB52 /* hackathon2015-ios WatchKit Extension */;
			targetProxy = 8B69D12F1BA2D38E0073FB52 /* PBXContainerItemProxy */;
		};
/* End PBXTargetDependency section */

/* Begin PBXVariantGroup section */
		8B69D0F61BA2158A0073FB52 /* Main.storyboard */ = {
			isa = PBXVariantGroup;
			children = (
				8B69D0F71BA2158A0073FB52 /* Base */,
			);
			name = Main.storyboard;
			sourceTree = "<group>";
		};
		8B69D0FB1BA2158A0073FB52 /* LaunchScreen.xib */ = {
			isa = PBXVariantGroup;
			children = (
				8B69D0FC1BA2158A0073FB52 /* Base */,
			);
			name = LaunchScreen.xib;
			sourceTree = "<group>";
		};
		8B69D12A1BA2D38E0073FB52 /* Interface.storyboard */ = {
			isa = PBXVariantGroup;
			children = (
				8B69D12B1BA2D38E0073FB52 /* Base */,
			);
			name = Interface.storyboard;
			sourceTree = "<group>";
		};
/* End PBXVariantGroup section */

/* Begin XCBuildConfiguration section */
		8B69D10A1BA2158B0073FB52 /* Debug */ = {
			isa = XCBuildConfiguration;
			buildSettings = {
				ALWAYS_SEARCH_USER_PATHS = NO;
				CLANG_CXX_LANGUAGE_STANDARD = "gnu++0x";
				CLANG_CXX_LIBRARY = "libc++";
				CLANG_ENABLE_MODULES = YES;
				CLANG_ENABLE_OBJC_ARC = YES;
				CLANG_WARN_BOOL_CONVERSION = YES;
				CLANG_WARN_CONSTANT_CONVERSION = YES;
				CLANG_WARN_DIRECT_OBJC_ISA_USAGE = YES_ERROR;
				CLANG_WARN_EMPTY_BODY = YES;
				CLANG_WARN_ENUM_CONVERSION = YES;
				CLANG_WARN_INT_CONVERSION = YES;
				CLANG_WARN_OBJC_ROOT_CLASS = YES_ERROR;
				CLANG_WARN_UNREACHABLE_CODE = YES;
				CLANG_WARN__DUPLICATE_METHOD_MATCH = YES;
				CODE_SIGN_ENTITLEMENTS = "";
				CODE_SIGN_IDENTITY = "iPhone Developer: Marcel Ritter (CJ5SGP4VAU)";
				"CODE_SIGN_IDENTITY[sdk=iphoneos*]" = "iPhone Developer: Marcel Ritter (CJ5SGP4VAU)";
				COPY_PHASE_STRIP = NO;
				DEBUG_INFORMATION_FORMAT = "dwarf-with-dsym";
				ENABLE_STRICT_OBJC_MSGSEND = YES;
				GCC_C_LANGUAGE_STANDARD = gnu99;
				GCC_DYNAMIC_NO_PIC = NO;
				GCC_NO_COMMON_BLOCKS = YES;
				GCC_OPTIMIZATION_LEVEL = 0;
				GCC_PREPROCESSOR_DEFINITIONS = (
					"DEBUG=1",
					"$(inherited)",
				);
				GCC_SYMBOLS_PRIVATE_EXTERN = NO;
				GCC_WARN_64_TO_32_BIT_CONVERSION = YES;
				GCC_WARN_ABOUT_RETURN_TYPE = YES_ERROR;
				GCC_WARN_UNDECLARED_SELECTOR = YES;
				GCC_WARN_UNINITIALIZED_AUTOS = YES_AGGRESSIVE;
				GCC_WARN_UNUSED_FUNCTION = YES;
				GCC_WARN_UNUSED_VARIABLE = YES;
				IPHONEOS_DEPLOYMENT_TARGET = 8.4;
				MTL_ENABLE_DEBUG_INFO = YES;
				ONLY_ACTIVE_ARCH = YES;
				PROVISIONING_PROFILE = "61018f69-63d3-4af0-9fde-496a3c09f566";
				SDKROOT = iphoneos;
				SWIFT_OPTIMIZATION_LEVEL = "-Onone";
			};
			name = Debug;
		};
		8B69D10B1BA2158B0073FB52 /* Release */ = {
			isa = XCBuildConfiguration;
			buildSettings = {
				ALWAYS_SEARCH_USER_PATHS = NO;
				CLANG_CXX_LANGUAGE_STANDARD = "gnu++0x";
				CLANG_CXX_LIBRARY = "libc++";
				CLANG_ENABLE_MODULES = YES;
				CLANG_ENABLE_OBJC_ARC = YES;
				CLANG_WARN_BOOL_CONVERSION = YES;
				CLANG_WARN_CONSTANT_CONVERSION = YES;
				CLANG_WARN_DIRECT_OBJC_ISA_USAGE = YES_ERROR;
				CLANG_WARN_EMPTY_BODY = YES;
				CLANG_WARN_ENUM_CONVERSION = YES;
				CLANG_WARN_INT_CONVERSION = YES;
				CLANG_WARN_OBJC_ROOT_CLASS = YES_ERROR;
				CLANG_WARN_UNREACHABLE_CODE = YES;
				CLANG_WARN__DUPLICATE_METHOD_MATCH = YES;
				CODE_SIGN_IDENTITY = "iPhone Distribution: Sitewalk Establishment (JKSKE56N5U)";
				"CODE_SIGN_IDENTITY[sdk=iphoneos*]" = "iPhone Distribution: Sitewalk Establishment (JKSKE56N5U)";
				COPY_PHASE_STRIP = NO;
				DEBUG_INFORMATION_FORMAT = "dwarf-with-dsym";
				ENABLE_NS_ASSERTIONS = NO;
				ENABLE_STRICT_OBJC_MSGSEND = YES;
				GCC_C_LANGUAGE_STANDARD = gnu99;
				GCC_NO_COMMON_BLOCKS = YES;
				GCC_WARN_64_TO_32_BIT_CONVERSION = YES;
				GCC_WARN_ABOUT_RETURN_TYPE = YES_ERROR;
				GCC_WARN_UNDECLARED_SELECTOR = YES;
				GCC_WARN_UNINITIALIZED_AUTOS = YES_AGGRESSIVE;
				GCC_WARN_UNUSED_FUNCTION = YES;
				GCC_WARN_UNUSED_VARIABLE = YES;
				IPHONEOS_DEPLOYMENT_TARGET = 8.4;
				MTL_ENABLE_DEBUG_INFO = NO;
				PROVISIONING_PROFILE = "61018f69-63d3-4af0-9fde-496a3c09f566";
				SDKROOT = iphoneos;
				VALIDATE_PRODUCT = YES;
			};
			name = Release;
		};
		8B69D10D1BA2158B0073FB52 /* Debug */ = {
			isa = XCBuildConfiguration;
			buildSettings = {
				ASSETCATALOG_COMPILER_APPICON_NAME = AppIcon;
				CODE_SIGN_IDENTITY = "iPhone Developer: Marcel Ritter (CJ5SGP4VAU)";
				"CODE_SIGN_IDENTITY[sdk=iphoneos*]" = "iPhone Developer: Marcel Ritter (CJ5SGP4VAU)";
				INFOPLIST_FILE = "hackathon2015-ios/Info.plist";
				LD_RUNPATH_SEARCH_PATHS = "$(inherited) @executable_path/Frameworks";
				PRODUCT_NAME = "$(TARGET_NAME)";
				PROVISIONING_PROFILE = "61018f69-63d3-4af0-9fde-496a3c09f566";
			};
			name = Debug;
		};
		8B69D10E1BA2158B0073FB52 /* Release */ = {
			isa = XCBuildConfiguration;
			buildSettings = {
				ASSETCATALOG_COMPILER_APPICON_NAME = AppIcon;
				CODE_SIGN_IDENTITY = "iPhone Distribution: Sitewalk Establishment (JKSKE56N5U)";
				"CODE_SIGN_IDENTITY[sdk=iphoneos*]" = "iPhone Distribution: Sitewalk Establishment (JKSKE56N5U)";
				INFOPLIST_FILE = "hackathon2015-ios/Info.plist";
				LD_RUNPATH_SEARCH_PATHS = "$(inherited) @executable_path/Frameworks";
				PRODUCT_NAME = "$(TARGET_NAME)";
				PROVISIONING_PROFILE = "61018f69-63d3-4af0-9fde-496a3c09f566";
			};
			name = Release;
		};
		8B69D1101BA2158B0073FB52 /* Debug */ = {
			isa = XCBuildConfiguration;
			buildSettings = {
				BUNDLE_LOADER = "$(TEST_HOST)";
				CODE_SIGN_IDENTITY = "iPhone Developer";
				"CODE_SIGN_IDENTITY[sdk=iphoneos*]" = "iPhone Developer";
				FRAMEWORK_SEARCH_PATHS = (
					"$(SDKROOT)/Developer/Library/Frameworks",
					"$(inherited)",
				);
				GCC_PREPROCESSOR_DEFINITIONS = (
					"DEBUG=1",
					"$(inherited)",
				);
				INFOPLIST_FILE = "hackathon2015-iosTests/Info.plist";
				LD_RUNPATH_SEARCH_PATHS = "$(inherited) @executable_path/Frameworks @loader_path/Frameworks";
				PRODUCT_NAME = "$(TARGET_NAME)";
				PROVISIONING_PROFILE = "";
				TEST_HOST = "$(BUILT_PRODUCTS_DIR)/hackathon2015-ios.app/hackathon2015-ios";
			};
			name = Debug;
		};
		8B69D1111BA2158B0073FB52 /* Release */ = {
			isa = XCBuildConfiguration;
			buildSettings = {
				BUNDLE_LOADER = "$(TEST_HOST)";
				CODE_SIGN_IDENTITY = "iPhone Developer";
				"CODE_SIGN_IDENTITY[sdk=iphoneos*]" = "iPhone Developer";
				FRAMEWORK_SEARCH_PATHS = (
					"$(SDKROOT)/Developer/Library/Frameworks",
					"$(inherited)",
				);
				INFOPLIST_FILE = "hackathon2015-iosTests/Info.plist";
				LD_RUNPATH_SEARCH_PATHS = "$(inherited) @executable_path/Frameworks @loader_path/Frameworks";
				PRODUCT_NAME = "$(TARGET_NAME)";
				PROVISIONING_PROFILE = "";
				TEST_HOST = "$(BUILT_PRODUCTS_DIR)/hackathon2015-ios.app/hackathon2015-ios";
			};
			name = Release;
		};
		8B69D1331BA2D38E0073FB52 /* Debug */ = {
			isa = XCBuildConfiguration;
			buildSettings = {
				ASSETCATALOG_COMPILER_APPICON_NAME = AppIcon;
				CODE_SIGN_IDENTITY = "iPhone Developer: Marcel Ritter (CJ5SGP4VAU)";
				"CODE_SIGN_IDENTITY[sdk=iphoneos*]" = "iPhone Developer: Marcel Ritter (CJ5SGP4VAU)";
				GCC_PREPROCESSOR_DEFINITIONS = (
					"DEBUG=1",
					"$(inherited)",
				);
				IBSC_MODULE = hackathon2015_ios_WatchKit_Extension;
				INFOPLIST_FILE = "hackathon2015-ios WatchKit App/Info.plist";
				IPHONEOS_DEPLOYMENT_TARGET = 8.2;
				PRODUCT_NAME = "$(TARGET_NAME)";
				PROVISIONING_PROFILE = "7ac6bf35-fa40-4c3f-b073-7dcfc3c071d3";
				SKIP_INSTALL = YES;
				TARGETED_DEVICE_FAMILY = 4;
				"TARGETED_DEVICE_FAMILY[sdk=iphonesimulator*]" = "1,4";
			};
			name = Debug;
		};
		8B69D1341BA2D38E0073FB52 /* Release */ = {
			isa = XCBuildConfiguration;
			buildSettings = {
				ASSETCATALOG_COMPILER_APPICON_NAME = AppIcon;
				CODE_SIGN_IDENTITY = "iPhone Distribution: Sitewalk Establishment (JKSKE56N5U)";
				"CODE_SIGN_IDENTITY[sdk=iphoneos*]" = "iPhone Distribution: Sitewalk Establishment (JKSKE56N5U)";
				IBSC_MODULE = hackathon2015_ios_WatchKit_Extension;
				INFOPLIST_FILE = "hackathon2015-ios WatchKit App/Info.plist";
				IPHONEOS_DEPLOYMENT_TARGET = 8.2;
				PRODUCT_NAME = "$(TARGET_NAME)";
				PROVISIONING_PROFILE = "7ac6bf35-fa40-4c3f-b073-7dcfc3c071d3";
				SKIP_INSTALL = YES;
				TARGETED_DEVICE_FAMILY = 4;
				"TARGETED_DEVICE_FAMILY[sdk=iphonesimulator*]" = "1,4";
			};
			name = Release;
		};
		8B69D1361BA2D38E0073FB52 /* Debug */ = {
			isa = XCBuildConfiguration;
			buildSettings = {
				CODE_SIGN_ENTITLEMENTS = "";
				CODE_SIGN_IDENTITY = "iPhone Developer: Marcel Ritter (CJ5SGP4VAU)";
				"CODE_SIGN_IDENTITY[sdk=iphoneos*]" = "iPhone Developer: Marcel Ritter (CJ5SGP4VAU)";
				GCC_PREPROCESSOR_DEFINITIONS = (
					"DEBUG=1",
					"$(inherited)",
				);
				INFOPLIST_FILE = "hackathon2015-ios WatchKit Extension/Info.plist";
				LD_RUNPATH_SEARCH_PATHS = "$(inherited) @executable_path/Frameworks @executable_path/../../Frameworks";
				PRODUCT_NAME = "${TARGET_NAME}";
				PROVISIONING_PROFILE = "11afe85f-31f0-4459-84ab-ae8c885c43d5";
				SKIP_INSTALL = YES;
			};
			name = Debug;
		};
		8B69D1371BA2D38E0073FB52 /* Release */ = {
			isa = XCBuildConfiguration;
			buildSettings = {
				CODE_SIGN_ENTITLEMENTS = "";
				CODE_SIGN_IDENTITY = "iPhone Distribution: Sitewalk Establishment (JKSKE56N5U)";
				"CODE_SIGN_IDENTITY[sdk=iphoneos*]" = "iPhone Distribution: Sitewalk Establishment (JKSKE56N5U)";
				INFOPLIST_FILE = "hackathon2015-ios WatchKit Extension/Info.plist";
				LD_RUNPATH_SEARCH_PATHS = "$(inherited) @executable_path/Frameworks @executable_path/../../Frameworks";
				PRODUCT_NAME = "${TARGET_NAME}";
				PROVISIONING_PROFILE = "11afe85f-31f0-4459-84ab-ae8c885c43d5";
				SKIP_INSTALL = YES;
			};
			name = Release;
		};
/* End XCBuildConfiguration section */

/* Begin XCConfigurationList section */
		8B69D0E51BA2158A0073FB52 /* Build configuration list for PBXProject "hackathon2015-ios" */ = {
			isa = XCConfigurationList;
			buildConfigurations = (
				8B69D10A1BA2158B0073FB52 /* Debug */,
				8B69D10B1BA2158B0073FB52 /* Release */,
			);
			defaultConfigurationIsVisible = 0;
			defaultConfigurationName = Release;
		};
		8B69D10C1BA2158B0073FB52 /* Build configuration list for PBXNativeTarget "hackathon2015-ios" */ = {
			isa = XCConfigurationList;
			buildConfigurations = (
				8B69D10D1BA2158B0073FB52 /* Debug */,
				8B69D10E1BA2158B0073FB52 /* Release */,
			);
			defaultConfigurationIsVisible = 0;
			defaultConfigurationName = Release;
		};
		8B69D10F1BA2158B0073FB52 /* Build configuration list for PBXNativeTarget "hackathon2015-iosTests" */ = {
			isa = XCConfigurationList;
			buildConfigurations = (
				8B69D1101BA2158B0073FB52 /* Debug */,
				8B69D1111BA2158B0073FB52 /* Release */,
			);
			defaultConfigurationIsVisible = 0;
			defaultConfigurationName = Release;
		};
		8B69D1321BA2D38E0073FB52 /* Build configuration list for PBXNativeTarget "hackathon2015-ios WatchKit App" */ = {
			isa = XCConfigurationList;
			buildConfigurations = (
				8B69D1331BA2D38E0073FB52 /* Debug */,
				8B69D1341BA2D38E0073FB52 /* Release */,
			);
			defaultConfigurationIsVisible = 0;
			defaultConfigurationName = Release;
		};
		8B69D1351BA2D38E0073FB52 /* Build configuration list for PBXNativeTarget "hackathon2015-ios WatchKit Extension" */ = {
			isa = XCConfigurationList;
			buildConfigurations = (
				8B69D1361BA2D38E0073FB52 /* Debug */,
				8B69D1371BA2D38E0073FB52 /* Release */,
			);
			defaultConfigurationIsVisible = 0;
			defaultConfigurationName = Release;
		};
/* End XCConfigurationList section */

/* Begin XCVersionGroup section */
		8B69D0F11BA2158A0073FB52 /* hackathon2015_ios.xcdatamodeld */ = {
			isa = XCVersionGroup;
			children = (
				8B69D0F21BA2158A0073FB52 /* hackathon2015_ios.xcdatamodel */,
			);
			currentVersion = 8B69D0F21BA2158A0073FB52 /* hackathon2015_ios.xcdatamodel */;
			path = hackathon2015_ios.xcdatamodeld;
			sourceTree = "<group>";
			versionGroupType = wrapper.xcdatamodel;
		};
/* End XCVersionGroup section */
	};
	rootObject = 8B69D0E21BA2158A0073FB52 /* Project object */;
}
